
Microsoft Visual Studio Solution File, Format Version 12.00
# Visual Studio 15
VisualStudioVersion = 15.0.26228.4
MinimumVisualStudioVersion = 10.0.40219.1
Project("{FAE04EC0-301F-11D3-BF4B-00C04F79EFBC}") = "LabLogWeb", "LabLogWeb\LabLogWeb.csproj", "{8EE3D5BC-3D4C-4476-ADDB-323F9039173A}"
EndProject
Project("{FAE04EC0-301F-11D3-BF4B-00C04F79EFBC}") = "LabLogApi", "LabLogApi\LabLogApi.csproj", "{5C198AD7-720E-4E61-8652-D18F3314008D}"
EndProject
Global
	GlobalSection(SolutionConfigurationPlatforms) = preSolution
		Debug|Any CPU = Debug|Any CPU
		Release|Any CPU = Release|Any CPU
	EndGlobalSection
	GlobalSection(ProjectConfigurationPlatforms) = postSolution
		{8EE3D5BC-3D4C-4476-ADDB-323F9039173A}.Debug|Any CPU.ActiveCfg = Debug|Any CPU
		{8EE3D5BC-3D4C-4476-ADDB-323F9039173A}.Debug|Any CPU.Build.0 = Debug|Any CPU
		{8EE3D5BC-3D4C-4476-ADDB-323F9039173A}.Release|Any CPU.ActiveCfg = Release|Any CPU
		{8EE3D5BC-3D4C-4476-ADDB-323F9039173A}.Release|Any CPU.Build.0 = Release|Any CPU
		{5C198AD7-720E-4E61-8652-D18F3314008D}.Debug|Any CPU.ActiveCfg = Debug|Any CPU
		{5C198AD7-720E-4E61-8652-D18F3314008D}.Debug|Any CPU.Build.0 = Debug|Any CPU
		{5C198AD7-720E-4E61-8652-D18F3314008D}.Release|Any CPU.ActiveCfg = Release|Any CPU
		{5C198AD7-720E-4E61-8652-D18F3314008D}.Release|Any CPU.Build.0 = Release|Any CPU
	EndGlobalSection
	GlobalSection(SolutionProperties) = preSolution
		HideSolutionNode = FALSE
	EndGlobalSection
EndGlobal
